
Microsoft Visual Studio Solution File, Format Version 12.00
# Visual Studio Version 17
VisualStudioVersion = 17.6.33815.320
MinimumVisualStudioVersion = 10.0.40219.1
Project("{FAE04EC0-301F-11D3-BF4B-00C04F79EFBC}") = "test", "test\test.csproj", "{B869C4ED-B5C6-4D82-9FDB-F8513160C60D}"
EndProject
Global
	GlobalSection(SolutionConfigurationPlatforms) = preSolution
		Debug|Any CPU = Debug|Any CPU
		Release|Any CPU = Release|Any CPU
	EndGlobalSection
	GlobalSection(ProjectConfigurationPlatforms) = postSolution
		{B869C4ED-B5C6-4D82-9FDB-F8513160C60D}.Debug|Any CPU.ActiveCfg = Debug|Any CPU
		{B869C4ED-B5C6-4D82-9FDB-F8513160C60D}.Debug|Any CPU.Build.0 = Debug|Any CPU
		{B869C4ED-B5C6-4D82-9FDB-F8513160C60D}.Release|Any CPU.ActiveCfg = Release|Any CPU
		{B869C4ED-B5C6-4D82-9FDB-F8513160C60D}.Release|Any CPU.Build.0 = Release|Any CPU
	EndGlobalSection
	GlobalSection(SolutionProperties) = preSolution
		HideSolutionNode = FALSE
	EndGlobalSection
	GlobalSection(ExtensibilityGlobals) = postSolution
		SolutionGuid = {191EAFE6-D3B2-4491-8A7C-9372B08EDACA}
	EndGlobalSection
EndGlobal
